
Microsoft Visual Studio Solution File, Format Version 12.00
# Visual Studio Version 16
VisualStudioVersion = 16.0.29424.173
MinimumVisualStudioVersion = 10.0.40219.1
Project("{FAE04EC0-301F-11D3-BF4B-00C04F79EFBC}") = "AgroFlorEscritorio", "AgroFlorEscritorio\AgroFlorEscritorio.csproj", "{B3F5D5A7-75EA-4149-9DCF-73FB886DE493}"
EndProject
Project("{FAE04EC0-301F-11D3-BF4B-00C04F79EFBC}") = "BEUAgroFlor", "..\BEUAgroFlor\BEUAgroFlor.csproj", "{E28C5E7C-AD0D-4C55-AB21-B5D9FAE2F445}"
EndProject
Global
	GlobalSection(SolutionConfigurationPlatforms) = preSolution
		Debug|Any CPU = Debug|Any CPU
		Release|Any CPU = Release|Any CPU
	EndGlobalSection
	GlobalSection(ProjectConfigurationPlatforms) = postSolution
		{B3F5D5A7-75EA-4149-9DCF-73FB886DE493}.Debug|Any CPU.ActiveCfg = Debug|Any CPU
		{B3F5D5A7-75EA-4149-9DCF-73FB886DE493}.Debug|Any CPU.Build.0 = Debug|Any CPU
		{B3F5D5A7-75EA-4149-9DCF-73FB886DE493}.Release|Any CPU.ActiveCfg = Release|Any CPU
		{B3F5D5A7-75EA-4149-9DCF-73FB886DE493}.Release|Any CPU.Build.0 = Release|Any CPU
		{E28C5E7C-AD0D-4C55-AB21-B5D9FAE2F445}.Debug|Any CPU.ActiveCfg = Debug|Any CPU
		{E28C5E7C-AD0D-4C55-AB21-B5D9FAE2F445}.Debug|Any CPU.Build.0 = Debug|Any CPU
		{E28C5E7C-AD0D-4C55-AB21-B5D9FAE2F445}.Release|Any CPU.ActiveCfg = Release|Any CPU
		{E28C5E7C-AD0D-4C55-AB21-B5D9FAE2F445}.Release|Any CPU.Build.0 = Release|Any CPU
	EndGlobalSection
	GlobalSection(SolutionProperties) = preSolution
		HideSolutionNode = FALSE
	EndGlobalSection
	GlobalSection(ExtensibilityGlobals) = postSolution
		SolutionGuid = {36D340BD-4465-442F-867B-39FE6ADBC3B0}
	EndGlobalSection
EndGlobal
